
Microsoft Visual Studio Solution File, Format Version 12.00
# Visual Studio Version 16
VisualStudioVersion = 16.0.30309.148
MinimumVisualStudioVersion = 10.0.40219.1
Project("{FAE04EC0-301F-11D3-BF4B-00C04F79EFBC}") = "KT2020_59132942", "KT2020_59132942\KT2020_59132942.csproj", "{2D8FD631-CF18-49EC-9DC5-A348D059EF54}"
EndProject
Global
	GlobalSection(SolutionConfigurationPlatforms) = preSolution
		Debug|Any CPU = Debug|Any CPU
		Release|Any CPU = Release|Any CPU
	EndGlobalSection
	GlobalSection(ProjectConfigurationPlatforms) = postSolution
		{2D8FD631-CF18-49EC-9DC5-A348D059EF54}.Debug|Any CPU.ActiveCfg = Debug|Any CPU
		{2D8FD631-CF18-49EC-9DC5-A348D059EF54}.Debug|Any CPU.Build.0 = Debug|Any CPU
		{2D8FD631-CF18-49EC-9DC5-A348D059EF54}.Release|Any CPU.ActiveCfg = Release|Any CPU
		{2D8FD631-CF18-49EC-9DC5-A348D059EF54}.Release|Any CPU.Build.0 = Release|Any CPU
	EndGlobalSection
	GlobalSection(SolutionProperties) = preSolution
		HideSolutionNode = FALSE
	EndGlobalSection
	GlobalSection(ExtensibilityGlobals) = postSolution
		SolutionGuid = {15DB33F3-4BBA-452F-BF3D-D9D36AB167F2}
	EndGlobalSection
EndGlobal
